// !$*UTF8*$!
{
	archiveVersion = 1;
	classes = {
	};
	objectVersion = 50;
	objects = {

/* Begin PBXBuildFile section */
		CE2A111723265BB70079145F /* Constants.swift in Sources */ = {isa = PBXBuildFile; fileRef = CE2A111623265BB70079145F /* Constants.swift */; };
		CE2A111B23266FCE0079145F /* Secrets.swift in Sources */ = {isa = PBXBuildFile; fileRef = CE2A111A23266FCE0079145F /* Secrets.swift */; };
		CE5F984E23276D35008385EC /* PhotosApi.swift in Sources */ = {isa = PBXBuildFile; fileRef = CE5F984D23276D35008385EC /* PhotosApi.swift */; };
		CE5F98522327974D008385EC /* CustomCollectionViewLayout.swift in Sources */ = {isa = PBXBuildFile; fileRef = CE5F98512327974D008385EC /* CustomCollectionViewLayout.swift */; };
		CE5F985423279BBF008385EC /* Photo.swift in Sources */ = {isa = PBXBuildFile; fileRef = CE5F985323279BBF008385EC /* Photo.swift */; };
		CE5F985623279F81008385EC /* User.swift in Sources */ = {isa = PBXBuildFile; fileRef = CE5F985523279F81008385EC /* User.swift */; };
		CE5F98582327A251008385EC /* PhotosNetworkManager.swift in Sources */ = {isa = PBXBuildFile; fileRef = CE5F98572327A251008385EC /* PhotosNetworkManager.swift */; };
		CE5F985C2327B0D4008385EC /* PhotosWorker.swift in Sources */ = {isa = PBXBuildFile; fileRef = CE5F985B2327B0D4008385EC /* PhotosWorker.swift */; };
		CE5F985E2327B451008385EC /* PhotosViewModel.swift in Sources */ = {isa = PBXBuildFile; fileRef = CE5F985D2327B451008385EC /* PhotosViewModel.swift */; };
		CE5F98602327B63E008385EC /* PhotosViewController.swift in Sources */ = {isa = PBXBuildFile; fileRef = CE5F985F2327B63E008385EC /* PhotosViewController.swift */; };
		CE5F98642327C31E008385EC /* SearchPhotosApi.swift in Sources */ = {isa = PBXBuildFile; fileRef = CE5F98632327C31E008385EC /* SearchPhotosApi.swift */; };
		CE5F98662327C331008385EC /* SearchPhotosNetworkManager.swift in Sources */ = {isa = PBXBuildFile; fileRef = CE5F98652327C331008385EC /* SearchPhotosNetworkManager.swift */; };
		CE5F986C2327C55E008385EC /* SearchPhotosWorker.swift in Sources */ = {isa = PBXBuildFile; fileRef = CE5F986B2327C55E008385EC /* SearchPhotosWorker.swift */; };
		CE5F986E2327C67B008385EC /* SearchPhotosProtocols.swift in Sources */ = {isa = PBXBuildFile; fileRef = CE5F986D2327C67B008385EC /* SearchPhotosProtocols.swift */; };
		CE80298C2326176400D4AEFA /* AppDelegate.swift in Sources */ = {isa = PBXBuildFile; fileRef = CE80298B2326176400D4AEFA /* AppDelegate.swift */; };
		CE802993232617EB00D4AEFA /* Assets.xcassets in Resources */ = {isa = PBXBuildFile; fileRef = CE802992232617EB00D4AEFA /* Assets.xcassets */; };
		CE8029A023262F9400D4AEFA /* UIView + Extensions.swift in Sources */ = {isa = PBXBuildFile; fileRef = CE80299F23262F9400D4AEFA /* UIView + Extensions.swift */; };
		CE8029A3232640C500D4AEFA /* Coordinator.swift in Sources */ = {isa = PBXBuildFile; fileRef = CE8029A2232640C500D4AEFA /* Coordinator.swift */; };
		CE8029A5232642C800D4AEFA /* AppCoordinator.swift in Sources */ = {isa = PBXBuildFile; fileRef = CE8029A4232642C800D4AEFA /* AppCoordinator.swift */; };
		CE8029AA232643D700D4AEFA /* HTTPMethod.swift in Sources */ = {isa = PBXBuildFile; fileRef = CE8029A9232643D700D4AEFA /* HTTPMethod.swift */; };
		CE8029AC232643F500D4AEFA /* EndPointType.swift in Sources */ = {isa = PBXBuildFile; fileRef = CE8029AB232643F500D4AEFA /* EndPointType.swift */; };
		CE8029AE2326441100D4AEFA /* HTTPTask.swift in Sources */ = {isa = PBXBuildFile; fileRef = CE8029AD2326441100D4AEFA /* HTTPTask.swift */; };
		CE8029B02326442A00D4AEFA /* NetworkError.swift in Sources */ = {isa = PBXBuildFile; fileRef = CE8029AF2326442A00D4AEFA /* NetworkError.swift */; };
		CE8029B22326444000D4AEFA /* NetworkRouter.swift in Sources */ = {isa = PBXBuildFile; fileRef = CE8029B12326444000D4AEFA /* NetworkRouter.swift */; };
		CE8029B42326445700D4AEFA /* Router.swift in Sources */ = {isa = PBXBuildFile; fileRef = CE8029B32326445700D4AEFA /* Router.swift */; };
		CE8029B7232645A500D4AEFA /* DSError.swift in Sources */ = {isa = PBXBuildFile; fileRef = CE8029B6232645A500D4AEFA /* DSError.swift */; };
		CE8029B9232645F700D4AEFA /* NetworkManager.swift in Sources */ = {isa = PBXBuildFile; fileRef = CE8029B8232645F700D4AEFA /* NetworkManager.swift */; };
		CE8029BB2326461900D4AEFA /* ParameterEncoding.swift in Sources */ = {isa = PBXBuildFile; fileRef = CE8029BA2326461900D4AEFA /* ParameterEncoding.swift */; };
		CE8029BD2326463800D4AEFA /* URLParameterEncoder.swift in Sources */ = {isa = PBXBuildFile; fileRef = CE8029BC2326463800D4AEFA /* URLParameterEncoder.swift */; };
		CE8029BF2326464F00D4AEFA /* JSONParameterEncoder.swift in Sources */ = {isa = PBXBuildFile; fileRef = CE8029BE2326464F00D4AEFA /* JSONParameterEncoder.swift */; };
		CE90A213232763A100AF9FE5 /* PhotosProtocols.swift in Sources */ = {isa = PBXBuildFile; fileRef = CE90A212232763A100AF9FE5 /* PhotosProtocols.swift */; };
/* End PBXBuildFile section */

/* Begin PBXFileReference section */
		CE2A111623265BB70079145F /* Constants.swift */ = {isa = PBXFileReference; lastKnownFileType = sourcecode.swift; path = Constants.swift; sourceTree = "<group>"; };
		CE2A111A23266FCE0079145F /* Secrets.swift */ = {isa = PBXFileReference; lastKnownFileType = sourcecode.swift; path = Secrets.swift; sourceTree = "<group>"; };
		CE5F984D23276D35008385EC /* PhotosApi.swift */ = {isa = PBXFileReference; lastKnownFileType = sourcecode.swift; path = PhotosApi.swift; sourceTree = "<group>"; };
		CE5F98512327974D008385EC /* CustomCollectionViewLayout.swift */ = {isa = PBXFileReference; lastKnownFileType = sourcecode.swift; path = CustomCollectionViewLayout.swift; sourceTree = "<group>"; };
		CE5F985323279BBF008385EC /* Photo.swift */ = {isa = PBXFileReference; lastKnownFileType = sourcecode.swift; path = Photo.swift; sourceTree = "<group>"; };
		CE5F985523279F81008385EC /* User.swift */ = {isa = PBXFileReference; lastKnownFileType = sourcecode.swift; path = User.swift; sourceTree = "<group>"; };
		CE5F98572327A251008385EC /* PhotosNetworkManager.swift */ = {isa = PBXFileReference; lastKnownFileType = sourcecode.swift; path = PhotosNetworkManager.swift; sourceTree = "<group>"; };
		CE5F985B2327B0D4008385EC /* PhotosWorker.swift */ = {isa = PBXFileReference; lastKnownFileType = sourcecode.swift; path = PhotosWorker.swift; sourceTree = "<group>"; };
		CE5F985D2327B451008385EC /* PhotosViewModel.swift */ = {isa = PBXFileReference; lastKnownFileType = sourcecode.swift; path = PhotosViewModel.swift; sourceTree = "<group>"; };
		CE5F985F2327B63E008385EC /* PhotosViewController.swift */ = {isa = PBXFileReference; lastKnownFileType = sourcecode.swift; path = PhotosViewController.swift; sourceTree = "<group>"; };
		CE5F98632327C31E008385EC /* SearchPhotosApi.swift */ = {isa = PBXFileReference; lastKnownFileType = sourcecode.swift; path = SearchPhotosApi.swift; sourceTree = "<group>"; };
		CE5F98652327C331008385EC /* SearchPhotosNetworkManager.swift */ = {isa = PBXFileReference; lastKnownFileType = sourcecode.swift; path = SearchPhotosNetworkManager.swift; sourceTree = "<group>"; };
		CE5F986B2327C55E008385EC /* SearchPhotosWorker.swift */ = {isa = PBXFileReference; lastKnownFileType = sourcecode.swift; path = SearchPhotosWorker.swift; sourceTree = "<group>"; };
		CE5F986D2327C67B008385EC /* SearchPhotosProtocols.swift */ = {isa = PBXFileReference; lastKnownFileType = sourcecode.swift; path = SearchPhotosProtocols.swift; sourceTree = "<group>"; };
		CE8029882326176400D4AEFA /* DanStory.app */ = {isa = PBXFileReference; explicitFileType = wrapper.application; includeInIndex = 0; path = DanStory.app; sourceTree = BUILT_PRODUCTS_DIR; };
		CE80298B2326176400D4AEFA /* AppDelegate.swift */ = {isa = PBXFileReference; lastKnownFileType = sourcecode.swift; path = AppDelegate.swift; sourceTree = "<group>"; };
		CE802992232617EB00D4AEFA /* Assets.xcassets */ = {isa = PBXFileReference; lastKnownFileType = folder.assetcatalog; path = Assets.xcassets; sourceTree = "<group>"; };
		CE802997232617EB00D4AEFA /* Info.plist */ = {isa = PBXFileReference; lastKnownFileType = text.plist.xml; path = Info.plist; sourceTree = "<group>"; };
		CE80299F23262F9400D4AEFA /* UIView + Extensions.swift */ = {isa = PBXFileReference; lastKnownFileType = sourcecode.swift; path = "UIView + Extensions.swift"; sourceTree = "<group>"; };
		CE8029A2232640C500D4AEFA /* Coordinator.swift */ = {isa = PBXFileReference; lastKnownFileType = sourcecode.swift; path = Coordinator.swift; sourceTree = "<group>"; };
		CE8029A4232642C800D4AEFA /* AppCoordinator.swift */ = {isa = PBXFileReference; lastKnownFileType = sourcecode.swift; path = AppCoordinator.swift; sourceTree = "<group>"; };
		CE8029A9232643D700D4AEFA /* HTTPMethod.swift */ = {isa = PBXFileReference; lastKnownFileType = sourcecode.swift; path = HTTPMethod.swift; sourceTree = "<group>"; };
		CE8029AB232643F500D4AEFA /* EndPointType.swift */ = {isa = PBXFileReference; lastKnownFileType = sourcecode.swift; path = EndPointType.swift; sourceTree = "<group>"; };
		CE8029AD2326441100D4AEFA /* HTTPTask.swift */ = {isa = PBXFileReference; lastKnownFileType = sourcecode.swift; path = HTTPTask.swift; sourceTree = "<group>"; };
		CE8029AF2326442A00D4AEFA /* NetworkError.swift */ = {isa = PBXFileReference; lastKnownFileType = sourcecode.swift; path = NetworkError.swift; sourceTree = "<group>"; };
		CE8029B12326444000D4AEFA /* NetworkRouter.swift */ = {isa = PBXFileReference; lastKnownFileType = sourcecode.swift; path = NetworkRouter.swift; sourceTree = "<group>"; };
		CE8029B32326445700D4AEFA /* Router.swift */ = {isa = PBXFileReference; lastKnownFileType = sourcecode.swift; path = Router.swift; sourceTree = "<group>"; };
		CE8029B6232645A500D4AEFA /* DSError.swift */ = {isa = PBXFileReference; lastKnownFileType = sourcecode.swift; path = DSError.swift; sourceTree = "<group>"; };
		CE8029B8232645F700D4AEFA /* NetworkManager.swift */ = {isa = PBXFileReference; lastKnownFileType = sourcecode.swift; path = NetworkManager.swift; sourceTree = "<group>"; };
		CE8029BA2326461900D4AEFA /* ParameterEncoding.swift */ = {isa = PBXFileReference; lastKnownFileType = sourcecode.swift; path = ParameterEncoding.swift; sourceTree = "<group>"; };
		CE8029BC2326463800D4AEFA /* URLParameterEncoder.swift */ = {isa = PBXFileReference; lastKnownFileType = sourcecode.swift; path = URLParameterEncoder.swift; sourceTree = "<group>"; };
		CE8029BE2326464F00D4AEFA /* JSONParameterEncoder.swift */ = {isa = PBXFileReference; lastKnownFileType = sourcecode.swift; path = JSONParameterEncoder.swift; sourceTree = "<group>"; };
		CE90A212232763A100AF9FE5 /* PhotosProtocols.swift */ = {isa = PBXFileReference; lastKnownFileType = sourcecode.swift; path = PhotosProtocols.swift; sourceTree = "<group>"; };
/* End PBXFileReference section */

/* Begin PBXFrameworksBuildPhase section */
		CE8029852326176400D4AEFA /* Frameworks */ = {
			isa = PBXFrameworksBuildPhase;
			buildActionMask = 2147483647;
			files = (
			);
			runOnlyForDeploymentPostprocessing = 0;
		};
/* End PBXFrameworksBuildPhase section */

/* Begin PBXGroup section */
		CE2A111523265B850079145F /* Common */ = {
			isa = PBXGroup;
			children = (
				CE80299F23262F9400D4AEFA /* UIView + Extensions.swift */,
				CE2A111623265BB70079145F /* Constants.swift */,
				CE2A111A23266FCE0079145F /* Secrets.swift */,
				CE5F98512327974D008385EC /* CustomCollectionViewLayout.swift */,
			);
			path = Common;
			sourceTree = "<group>";
		};
		CE5F984C23276D06008385EC /* PhotosNetwork */ = {
			isa = PBXGroup;
			children = (
				CE5F984D23276D35008385EC /* PhotosApi.swift */,
				CE5F98572327A251008385EC /* PhotosNetworkManager.swift */,
			);
			path = PhotosNetwork;
			sourceTree = "<group>";
		};
		CE5F98612327C232008385EC /* SearchPhotos */ = {
			isa = PBXGroup;
			children = (
				CE5F986B2327C55E008385EC /* SearchPhotosWorker.swift */,
				CE5F986D2327C67B008385EC /* SearchPhotosProtocols.swift */,
			);
			path = SearchPhotos;
			sourceTree = "<group>";
		};
		CE5F98622327C305008385EC /* SearchPhotosNetwork */ = {
			isa = PBXGroup;
			children = (
				CE5F98632327C31E008385EC /* SearchPhotosApi.swift */,
				CE5F98652327C331008385EC /* SearchPhotosNetworkManager.swift */,
			);
			path = SearchPhotosNetwork;
			sourceTree = "<group>";
		};
		CE80297F2326176400D4AEFA = {
			isa = PBXGroup;
			children = (
				CE80299D23262F3A00D4AEFA /* Source */,
				CE80298A2326176400D4AEFA /* DanStory */,
				CE8029892326176400D4AEFA /* Products */,
			);
			sourceTree = "<group>";
		};
		CE8029892326176400D4AEFA /* Products */ = {
			isa = PBXGroup;
			children = (
				CE8029882326176400D4AEFA /* DanStory.app */,
			);
			name = Products;
			sourceTree = "<group>";
		};
		CE80298A2326176400D4AEFA /* DanStory */ = {
			isa = PBXGroup;
			children = (
				CE80298B2326176400D4AEFA /* AppDelegate.swift */,
				CE802992232617EB00D4AEFA /* Assets.xcassets */,
				CE802997232617EB00D4AEFA /* Info.plist */,
			);
			path = DanStory;
			sourceTree = "<group>";
		};
		CE80299D23262F3A00D4AEFA /* Source */ = {
			isa = PBXGroup;
			children = (
				CE90A21423276C4500AF9FE5 /* Services */,
				CE2A111523265B850079145F /* Common */,
				CE8029C023265A6E00D4AEFA /* Scenes */,
				CE8029B52326458400D4AEFA /* Models */,
				CE8029A62326439F00D4AEFA /* Network */,
				CE8029A1232640A800D4AEFA /* Coordinator */,
			);
			path = Source;
			sourceTree = "<group>";
		};
		CE8029A1232640A800D4AEFA /* Coordinator */ = {
			isa = PBXGroup;
			children = (
				CE8029A2232640C500D4AEFA /* Coordinator.swift */,
				CE8029A4232642C800D4AEFA /* AppCoordinator.swift */,
			);
			path = Coordinator;
			sourceTree = "<group>";
		};
		CE8029A62326439F00D4AEFA /* Network */ = {
			isa = PBXGroup;
			children = (
				CE5F98622327C305008385EC /* SearchPhotosNetwork */,
				CE5F984C23276D06008385EC /* PhotosNetwork */,
				CE8029A8232643BC00D4AEFA /* Encoding */,
				CE8029A7232643B000D4AEFA /* Service */,
			);
			path = Network;
			sourceTree = "<group>";
		};
		CE8029A7232643B000D4AEFA /* Service */ = {
			isa = PBXGroup;
			children = (
				CE8029A9232643D700D4AEFA /* HTTPMethod.swift */,
				CE8029AB232643F500D4AEFA /* EndPointType.swift */,
				CE8029AD2326441100D4AEFA /* HTTPTask.swift */,
				CE8029AF2326442A00D4AEFA /* NetworkError.swift */,
				CE8029B12326444000D4AEFA /* NetworkRouter.swift */,
				CE8029B32326445700D4AEFA /* Router.swift */,
				CE8029B8232645F700D4AEFA /* NetworkManager.swift */,
			);
			path = Service;
			sourceTree = "<group>";
		};
		CE8029A8232643BC00D4AEFA /* Encoding */ = {
			isa = PBXGroup;
			children = (
				CE8029BA2326461900D4AEFA /* ParameterEncoding.swift */,
				CE8029BC2326463800D4AEFA /* URLParameterEncoder.swift */,
				CE8029BE2326464F00D4AEFA /* JSONParameterEncoder.swift */,
			);
			path = Encoding;
			sourceTree = "<group>";
		};
		CE8029B52326458400D4AEFA /* Models */ = {
			isa = PBXGroup;
			children = (
				CE8029B6232645A500D4AEFA /* DSError.swift */,
				CE5F985323279BBF008385EC /* Photo.swift */,
				CE5F985523279F81008385EC /* User.swift */,
			);
			path = Models;
			sourceTree = "<group>";
		};
		CE8029C023265A6E00D4AEFA /* Scenes */ = {
			isa = PBXGroup;
			children = (
				CE5F98612327C232008385EC /* SearchPhotos */,
				CE90A2112327632100AF9FE5 /* Photos */,
			);
			path = Scenes;
			sourceTree = "<group>";
		};
		CE90A2112327632100AF9FE5 /* Photos */ = {
			isa = PBXGroup;
			children = (
				CE5F985B2327B0D4008385EC /* PhotosWorker.swift */,
				CE90A212232763A100AF9FE5 /* PhotosProtocols.swift */,
				CE5F985D2327B451008385EC /* PhotosViewModel.swift */,
				CE5F985F2327B63E008385EC /* PhotosViewController.swift */,
			);
			path = Photos;
			sourceTree = "<group>";
		};
		CE90A21423276C4500AF9FE5 /* Services */ = {
			isa = PBXGroup;
			children = (
			);
			path = Services;
			sourceTree = "<group>";
		};
/* End PBXGroup section */

/* Begin PBXNativeTarget section */
		CE8029872326176400D4AEFA /* DanStory */ = {
			isa = PBXNativeTarget;
			buildConfigurationList = CE80299A232617EB00D4AEFA /* Build configuration list for PBXNativeTarget "DanStory" */;
			buildPhases = (
				CE8029842326176400D4AEFA /* Sources */,
				CE8029852326176400D4AEFA /* Frameworks */,
				CE8029862326176400D4AEFA /* Resources */,
			);
			buildRules = (
			);
			dependencies = (
			);
			name = DanStory;
			productName = DanStory;
			productReference = CE8029882326176400D4AEFA /* DanStory.app */;
			productType = "com.apple.product-type.application";
		};
/* End PBXNativeTarget section */

/* Begin PBXProject section */
		CE8029802326176400D4AEFA /* Project object */ = {
			isa = PBXProject;
			attributes = {
				LastSwiftUpdateCheck = 1030;
				LastUpgradeCheck = 1030;
				ORGANIZATIONNAME = danchopon.com;
				TargetAttributes = {
					CE8029872326176400D4AEFA = {
						CreatedOnToolsVersion = 10.3;
					};
				};
			};
			buildConfigurationList = CE8029832326176400D4AEFA /* Build configuration list for PBXProject "DanStory" */;
			compatibilityVersion = "Xcode 9.3";
			developmentRegion = en;
			hasScannedForEncodings = 0;
			knownRegions = (
				en,
				Base,
			);
			mainGroup = CE80297F2326176400D4AEFA;
			productRefGroup = CE8029892326176400D4AEFA /* Products */;
			projectDirPath = "";
			projectRoot = "";
			targets = (
				CE8029872326176400D4AEFA /* DanStory */,
			);
		};
/* End PBXProject section */

/* Begin PBXResourcesBuildPhase section */
		CE8029862326176400D4AEFA /* Resources */ = {
			isa = PBXResourcesBuildPhase;
			buildActionMask = 2147483647;
			files = (
				CE802993232617EB00D4AEFA /* Assets.xcassets in Resources */,
			);
			runOnlyForDeploymentPostprocessing = 0;
		};
/* End PBXResourcesBuildPhase section */

/* Begin PBXSourcesBuildPhase section */
		CE8029842326176400D4AEFA /* Sources */ = {
			isa = PBXSourcesBuildPhase;
			buildActionMask = 2147483647;
			files = (
				CE5F98602327B63E008385EC /* PhotosViewController.swift in Sources */,
				CE5F985423279BBF008385EC /* Photo.swift in Sources */,
				CE8029B9232645F700D4AEFA /* NetworkManager.swift in Sources */,
				CE8029AE2326441100D4AEFA /* HTTPTask.swift in Sources */,
				CE8029B02326442A00D4AEFA /* NetworkError.swift in Sources */,
				CE5F98642327C31E008385EC /* SearchPhotosApi.swift in Sources */,
				CE8029B42326445700D4AEFA /* Router.swift in Sources */,
				CE5F985E2327B451008385EC /* PhotosViewModel.swift in Sources */,
				CE8029BD2326463800D4AEFA /* URLParameterEncoder.swift in Sources */,
				CE2A111B23266FCE0079145F /* Secrets.swift in Sources */,
				CE8029BF2326464F00D4AEFA /* JSONParameterEncoder.swift in Sources */,
				CE5F986C2327C55E008385EC /* SearchPhotosWorker.swift in Sources */,
				CE8029A5232642C800D4AEFA /* AppCoordinator.swift in Sources */,
				CE2A111723265BB70079145F /* Constants.swift in Sources */,
				CE5F985623279F81008385EC /* User.swift in Sources */,
				CE8029A023262F9400D4AEFA /* UIView + Extensions.swift in Sources */,
				CE5F986E2327C67B008385EC /* SearchPhotosProtocols.swift in Sources */,
				CE8029AC232643F500D4AEFA /* EndPointType.swift in Sources */,
				CE8029BB2326461900D4AEFA /* ParameterEncoding.swift in Sources */,
				CE80298C2326176400D4AEFA /* AppDelegate.swift in Sources */,
				CE90A213232763A100AF9FE5 /* PhotosProtocols.swift in Sources */,
				CE5F985C2327B0D4008385EC /* PhotosWorker.swift in Sources */,
				CE8029AA232643D700D4AEFA /* HTTPMethod.swift in Sources */,
				CE8029A3232640C500D4AEFA /* Coordinator.swift in Sources */,
				CE8029B22326444000D4AEFA /* NetworkRouter.swift in Sources */,
				CE8029B7232645A500D4AEFA /* DSError.swift in Sources */,
				CE5F98582327A251008385EC /* PhotosNetworkManager.swift in Sources */,
				CE5F98522327974D008385EC /* CustomCollectionViewLayout.swift in Sources */,
				CE5F98662327C331008385EC /* SearchPhotosNetworkManager.swift in Sources */,
				CE5F984E23276D35008385EC /* PhotosApi.swift in Sources */,
			);
			runOnlyForDeploymentPostprocessing = 0;
		};
/* End PBXSourcesBuildPhase section */

/* Begin XCBuildConfiguration section */
		CE802998232617EB00D4AEFA /* Debug */ = {
			isa = XCBuildConfiguration;
			buildSettings = {
				ALWAYS_SEARCH_USER_PATHS = NO;
				CLANG_ANALYZER_NONNULL = YES;
				CLANG_ANALYZER_NUMBER_OBJECT_CONVERSION = YES_AGGRESSIVE;
				CLANG_CXX_LANGUAGE_STANDARD = "gnu++14";
				CLANG_CXX_LIBRARY = "libc++";
				CLANG_ENABLE_MODULES = YES;
				CLANG_ENABLE_OBJC_ARC = YES;
				CLANG_ENABLE_OBJC_WEAK = YES;
				CLANG_WARN_BLOCK_CAPTURE_AUTORELEASING = YES;
				CLANG_WARN_BOOL_CONVERSION = YES;
				CLANG_WARN_COMMA = YES;
				CLANG_WARN_CONSTANT_CONVERSION = YES;
				CLANG_WARN_DEPRECATED_OBJC_IMPLEMENTATIONS = YES;
				CLANG_WARN_DIRECT_OBJC_ISA_USAGE = YES_ERROR;
				CLANG_WARN_DOCUMENTATION_COMMENTS = YES;
				CLANG_WARN_EMPTY_BODY = YES;
				CLANG_WARN_ENUM_CONVERSION = YES;
				CLANG_WARN_INFINITE_RECURSION = YES;
				CLANG_WARN_INT_CONVERSION = YES;
				CLANG_WARN_NON_LITERAL_NULL_CONVERSION = YES;
				CLANG_WARN_OBJC_IMPLICIT_RETAIN_SELF = YES;
				CLANG_WARN_OBJC_LITERAL_CONVERSION = YES;
				CLANG_WARN_OBJC_ROOT_CLASS = YES_ERROR;
				CLANG_WARN_RANGE_LOOP_ANALYSIS = YES;
				CLANG_WARN_STRICT_PROTOTYPES = YES;
				CLANG_WARN_SUSPICIOUS_MOVE = YES;
				CLANG_WARN_UNGUARDED_AVAILABILITY = YES_AGGRESSIVE;
				CLANG_WARN_UNREACHABLE_CODE = YES;
				CLANG_WARN__DUPLICATE_METHOD_MATCH = YES;
				CODE_SIGN_IDENTITY = "iPhone Developer";
				COPY_PHASE_STRIP = NO;
				DEBUG_INFORMATION_FORMAT = dwarf;
				ENABLE_STRICT_OBJC_MSGSEND = YES;
				ENABLE_TESTABILITY = YES;
				GCC_C_LANGUAGE_STANDARD = gnu11;
				GCC_DYNAMIC_NO_PIC = NO;
				GCC_NO_COMMON_BLOCKS = YES;
				GCC_OPTIMIZATION_LEVEL = 0;
				GCC_PREPROCESSOR_DEFINITIONS = (
					"DEBUG=1",
					"$(inherited)",
				);
				GCC_WARN_64_TO_32_BIT_CONVERSION = YES;
				GCC_WARN_ABOUT_RETURN_TYPE = YES_ERROR;
				GCC_WARN_UNDECLARED_SELECTOR = YES;
				GCC_WARN_UNINITIALIZED_AUTOS = YES_AGGRESSIVE;
				GCC_WARN_UNUSED_FUNCTION = YES;
				GCC_WARN_UNUSED_VARIABLE = YES;
				IPHONEOS_DEPLOYMENT_TARGET = 12.4;
				MTL_ENABLE_DEBUG_INFO = INCLUDE_SOURCE;
				MTL_FAST_MATH = YES;
				ONLY_ACTIVE_ARCH = YES;
				SDKROOT = iphoneos;
				SWIFT_ACTIVE_COMPILATION_CONDITIONS = DEBUG;
				SWIFT_OPTIMIZATION_LEVEL = "-Onone";
			};
			name = Debug;
		};
		CE802999232617EB00D4AEFA /* Release */ = {
			isa = XCBuildConfiguration;
			buildSettings = {
				ALWAYS_SEARCH_USER_PATHS = NO;
				CLANG_ANALYZER_NONNULL = YES;
				CLANG_ANALYZER_NUMBER_OBJECT_CONVERSION = YES_AGGRESSIVE;
				CLANG_CXX_LANGUAGE_STANDARD = "gnu++14";
				CLANG_CXX_LIBRARY = "libc++";
				CLANG_ENABLE_MODULES = YES;
				CLANG_ENABLE_OBJC_ARC = YES;
				CLANG_ENABLE_OBJC_WEAK = YES;
				CLANG_WARN_BLOCK_CAPTURE_AUTORELEASING = YES;
				CLANG_WARN_BOOL_CONVERSION = YES;
				CLANG_WARN_COMMA = YES;
				CLANG_WARN_CONSTANT_CONVERSION = YES;
				CLANG_WARN_DEPRECATED_OBJC_IMPLEMENTATIONS = YES;
				CLANG_WARN_DIRECT_OBJC_ISA_USAGE = YES_ERROR;
				CLANG_WARN_DOCUMENTATION_COMMENTS = YES;
				CLANG_WARN_EMPTY_BODY = YES;
				CLANG_WARN_ENUM_CONVERSION = YES;
				CLANG_WARN_INFINITE_RECURSION = YES;
				CLANG_WARN_INT_CONVERSION = YES;
				CLANG_WARN_NON_LITERAL_NULL_CONVERSION = YES;
				CLANG_WARN_OBJC_IMPLICIT_RETAIN_SELF = YES;
				CLANG_WARN_OBJC_LITERAL_CONVERSION = YES;
				CLANG_WARN_OBJC_ROOT_CLASS = YES_ERROR;
				CLANG_WARN_RANGE_LOOP_ANALYSIS = YES;
				CLANG_WARN_STRICT_PROTOTYPES = YES;
				CLANG_WARN_SUSPICIOUS_MOVE = YES;
				CLANG_WARN_UNGUARDED_AVAILABILITY = YES_AGGRESSIVE;
				CLANG_WARN_UNREACHABLE_CODE = YES;
				CLANG_WARN__DUPLICATE_METHOD_MATCH = YES;
				CODE_SIGN_IDENTITY = "iPhone Developer";
				COPY_PHASE_STRIP = NO;
				DEBUG_INFORMATION_FORMAT = "dwarf-with-dsym";
				ENABLE_NS_ASSERTIONS = NO;
				ENABLE_STRICT_OBJC_MSGSEND = YES;
				GCC_C_LANGUAGE_STANDARD = gnu11;
				GCC_NO_COMMON_BLOCKS = YES;
				GCC_WARN_64_TO_32_BIT_CONVERSION = YES;
				GCC_WARN_ABOUT_RETURN_TYPE = YES_ERROR;
				GCC_WARN_UNDECLARED_SELECTOR = YES;
				GCC_WARN_UNINITIALIZED_AUTOS = YES_AGGRESSIVE;
				GCC_WARN_UNUSED_FUNCTION = YES;
				GCC_WARN_UNUSED_VARIABLE = YES;
				IPHONEOS_DEPLOYMENT_TARGET = 12.4;
				MTL_ENABLE_DEBUG_INFO = NO;
				MTL_FAST_MATH = YES;
				SDKROOT = iphoneos;
				SWIFT_COMPILATION_MODE = wholemodule;
				SWIFT_OPTIMIZATION_LEVEL = "-O";
				VALIDATE_PRODUCT = YES;
			};
			name = Release;
		};
		CE80299B232617EB00D4AEFA /* Debug */ = {
			isa = XCBuildConfiguration;
			buildSettings = {
				ASSETCATALOG_COMPILER_APPICON_NAME = AppIcon;
				ASSETCATALOG_COMPILER_LAUNCHIMAGE_NAME = LaunchImage;
				CODE_SIGN_STYLE = Automatic;
				DEVELOPMENT_TEAM = UG52XXUG9P;
				INFOPLIST_FILE = DanStory/Info.plist;
				LD_RUNPATH_SEARCH_PATHS = (
					"$(inherited)",
					"@executable_path/Frameworks",
				);
				PRODUCT_BUNDLE_IDENTIFIER = danchopon.DanStory;
				PRODUCT_NAME = "$(TARGET_NAME)";
				SWIFT_VERSION = 5.0;
				TARGETED_DEVICE_FAMILY = "1,2";
			};
			name = Debug;
		};
		CE80299C232617EB00D4AEFA /* Release */ = {
			isa = XCBuildConfiguration;
			buildSettings = {
				ASSETCATALOG_COMPILER_APPICON_NAME = AppIcon;
				ASSETCATALOG_COMPILER_LAUNCHIMAGE_NAME = LaunchImage;
				CODE_SIGN_STYLE = Automatic;
				DEVELOPMENT_TEAM = UG52XXUG9P;
				INFOPLIST_FILE = DanStory/Info.plist;
				LD_RUNPATH_SEARCH_PATHS = (
					"$(inherited)",
					"@executable_path/Frameworks",
				);
				PRODUCT_BUNDLE_IDENTIFIER = danchopon.DanStory;
				PRODUCT_NAME = "$(TARGET_NAME)";
				SWIFT_VERSION = 5.0;
				TARGETED_DEVICE_FAMILY = "1,2";
			};
			name = Release;
		};
/* End XCBuildConfiguration section */

/* Begin XCConfigurationList section */
		CE8029832326176400D4AEFA /* Build configuration list for PBXProject "DanStory" */ = {
			isa = XCConfigurationList;
			buildConfigurations = (
				CE802998232617EB00D4AEFA /* Debug */,
				CE802999232617EB00D4AEFA /* Release */,
			);
			defaultConfigurationIsVisible = 0;
			defaultConfigurationName = Release;
		};
		CE80299A232617EB00D4AEFA /* Build configuration list for PBXNativeTarget "DanStory" */ = {
			isa = XCConfigurationList;
			buildConfigurations = (
				CE80299B232617EB00D4AEFA /* Debug */,
				CE80299C232617EB00D4AEFA /* Release */,
			);
			defaultConfigurationIsVisible = 0;
			defaultConfigurationName = Release;
		};
/* End XCConfigurationList section */
	};
	rootObject = CE8029802326176400D4AEFA /* Project object */;
}
